// !$*UTF8*$!
{
	archiveVersion = 1;
	classes = {
	};
	objectVersion = 46;
	objects = {

/* Begin PBXBuildFile section */
		6CFBD241192C943000137C9F /* Foundation.framework in Frameworks */ = {isa = PBXBuildFile; fileRef = 6CFBD240192C943000137C9F /* Foundation.framework */; };
		6CFBD243192C943000137C9F /* CoreGraphics.framework in Frameworks */ = {isa = PBXBuildFile; fileRef = 6CFBD242192C943000137C9F /* CoreGraphics.framework */; };
		6CFBD245192C943000137C9F /* UIKit.framework in Frameworks */ = {isa = PBXBuildFile; fileRef = 6CFBD244192C943000137C9F /* UIKit.framework */; };
		6CFBD24B192C943000137C9F /* InfoPlist.strings in Resources */ = {isa = PBXBuildFile; fileRef = 6CFBD249192C943000137C9F /* InfoPlist.strings */; };
		6CFBD24D192C943000137C9F /* main.m in Sources */ = {isa = PBXBuildFile; fileRef = 6CFBD24C192C943000137C9F /* main.m */; };
		6CFBD251192C943000137C9F /* AppDelegate.m in Sources */ = {isa = PBXBuildFile; fileRef = 6CFBD250192C943000137C9F /* AppDelegate.m */; };
		6CFBD254192C943000137C9F /* Main.storyboard in Resources */ = {isa = PBXBuildFile; fileRef = 6CFBD252192C943000137C9F /* Main.storyboard */; };
		6CFBD257192C943000137C9F /* ViewController.m in Sources */ = {isa = PBXBuildFile; fileRef = 6CFBD256192C943000137C9F /* ViewController.m */; };
		6CFBD259192C943000137C9F /* Images.xcassets in Resources */ = {isa = PBXBuildFile; fileRef = 6CFBD258192C943000137C9F /* Images.xcassets */; };
		6CFBD277192C944D00137C9F /* HTGroup.m in Sources */ = {isa = PBXBuildFile; fileRef = 6CFBD276192C944D00137C9F /* HTGroup.m */; };
		6CFBD27A192C94AD00137C9F /* HTTeam.m in Sources */ = {isa = PBXBuildFile; fileRef = 6CFBD279192C94AD00137C9F /* HTTeam.m */; };
		6CFBD27D192C94C800137C9F /* HTMatch.m in Sources */ = {isa = PBXBuildFile; fileRef = 6CFBD27C192C94C800137C9F /* HTMatch.m */; };
		6CFBD280192C962A00137C9F /* HTBigDay.m in Sources */ = {isa = PBXBuildFile; fileRef = 6CFBD27F192C962A00137C9F /* HTBigDay.m */; };
		6CFE29EF192CC65B0086828E /* HTBigWeek.m in Sources */ = {isa = PBXBuildFile; fileRef = 6CFE29EE192CC65B0086828E /* HTBigWeek.m */; };
/* End PBXBuildFile section */

/* Begin PBXFileReference section */
		6CFBD23D192C943000137C9F /* Match.app */ = {isa = PBXFileReference; explicitFileType = wrapper.application; includeInIndex = 0; path = Match.app; sourceTree = BUILT_PRODUCTS_DIR; };
		6CFBD240192C943000137C9F /* Foundation.framework */ = {isa = PBXFileReference; lastKnownFileType = wrapper.framework; name = Foundation.framework; path = System/Library/Frameworks/Foundation.framework; sourceTree = SDKROOT; };
		6CFBD242192C943000137C9F /* CoreGraphics.framework */ = {isa = PBXFileReference; lastKnownFileType = wrapper.framework; name = CoreGraphics.framework; path = System/Library/Frameworks/CoreGraphics.framework; sourceTree = SDKROOT; };
		6CFBD244192C943000137C9F /* UIKit.framework */ = {isa = PBXFileReference; lastKnownFileType = wrapper.framework; name = UIKit.framework; path = System/Library/Frameworks/UIKit.framework; sourceTree = SDKROOT; };
		6CFBD248192C943000137C9F /* Match-Info.plist */ = {isa = PBXFileReference; lastKnownFileType = text.plist.xml; path = "Match-Info.plist"; sourceTree = "<group>"; };
		6CFBD24A192C943000137C9F /* en */ = {isa = PBXFileReference; lastKnownFileType = text.plist.strings; name = en; path = en.lproj/InfoPlist.strings; sourceTree = "<group>"; };
		6CFBD24C192C943000137C9F /* main.m */ = {isa = PBXFileReference; lastKnownFileType = sourcecode.c.objc; path = main.m; sourceTree = "<group>"; };
		6CFBD24E192C943000137C9F /* Match-Prefix.pch */ = {isa = PBXFileReference; lastKnownFileType = sourcecode.c.h; path = "Match-Prefix.pch"; sourceTree = "<group>"; };
		6CFBD24F192C943000137C9F /* AppDelegate.h */ = {isa = PBXFileReference; lastKnownFileType = sourcecode.c.h; path = AppDelegate.h; sourceTree = "<group>"; };
		6CFBD250192C943000137C9F /* AppDelegate.m */ = {isa = PBXFileReference; lastKnownFileType = sourcecode.c.objc; path = AppDelegate.m; sourceTree = "<group>"; };
		6CFBD253192C943000137C9F /* Base */ = {isa = PBXFileReference; lastKnownFileType = file.storyboard; name = Base; path = Base.lproj/Main.storyboard; sourceTree = "<group>"; };
		6CFBD255192C943000137C9F /* ViewController.h */ = {isa = PBXFileReference; lastKnownFileType = sourcecode.c.h; path = ViewController.h; sourceTree = "<group>"; };
		6CFBD256192C943000137C9F /* ViewController.m */ = {isa = PBXFileReference; lastKnownFileType = sourcecode.c.objc; path = ViewController.m; sourceTree = "<group>"; };
		6CFBD258192C943000137C9F /* Images.xcassets */ = {isa = PBXFileReference; lastKnownFileType = folder.assetcatalog; path = Images.xcassets; sourceTree = "<group>"; };
		6CFBD25F192C943000137C9F /* XCTest.framework */ = {isa = PBXFileReference; lastKnownFileType = wrapper.framework; name = XCTest.framework; path = Library/Frameworks/XCTest.framework; sourceTree = DEVELOPER_DIR; };
		6CFBD275192C944D00137C9F /* HTGroup.h */ = {isa = PBXFileReference; fileEncoding = 4; lastKnownFileType = sourcecode.c.h; path = HTGroup.h; sourceTree = "<group>"; };
		6CFBD276192C944D00137C9F /* HTGroup.m */ = {isa = PBXFileReference; fileEncoding = 4; lastKnownFileType = sourcecode.c.objc; path = HTGroup.m; sourceTree = "<group>"; };
		6CFBD278192C94AD00137C9F /* HTTeam.h */ = {isa = PBXFileReference; fileEncoding = 4; lastKnownFileType = sourcecode.c.h; path = HTTeam.h; sourceTree = "<group>"; };
		6CFBD279192C94AD00137C9F /* HTTeam.m */ = {isa = PBXFileReference; fileEncoding = 4; lastKnownFileType = sourcecode.c.objc; path = HTTeam.m; sourceTree = "<group>"; };
		6CFBD27B192C94C800137C9F /* HTMatch.h */ = {isa = PBXFileReference; fileEncoding = 4; lastKnownFileType = sourcecode.c.h; path = HTMatch.h; sourceTree = "<group>"; };
		6CFBD27C192C94C800137C9F /* HTMatch.m */ = {isa = PBXFileReference; fileEncoding = 4; lastKnownFileType = sourcecode.c.objc; path = HTMatch.m; sourceTree = "<group>"; };
		6CFBD27E192C962A00137C9F /* HTBigDay.h */ = {isa = PBXFileReference; fileEncoding = 4; lastKnownFileType = sourcecode.c.h; path = HTBigDay.h; sourceTree = "<group>"; };
		6CFBD27F192C962A00137C9F /* HTBigDay.m */ = {isa = PBXFileReference; fileEncoding = 4; lastKnownFileType = sourcecode.c.objc; path = HTBigDay.m; sourceTree = "<group>"; };
		6CFE29ED192CC65B0086828E /* HTBigWeek.h */ = {isa = PBXFileReference; fileEncoding = 4; lastKnownFileType = sourcecode.c.h; path = HTBigWeek.h; sourceTree = "<group>"; };
		6CFE29EE192CC65B0086828E /* HTBigWeek.m */ = {isa = PBXFileReference; fileEncoding = 4; lastKnownFileType = sourcecode.c.objc; path = HTBigWeek.m; sourceTree = "<group>"; };
		6CFE29F0192CC69D0086828E /* HTAddMatchDelegate.h */ = {isa = PBXFileReference; fileEncoding = 4; lastKnownFileType = sourcecode.c.h; path = HTAddMatchDelegate.h; sourceTree = "<group>"; };
/* End PBXFileReference section */

/* Begin PBXFrameworksBuildPhase section */
		6CFBD23A192C943000137C9F /* Frameworks */ = {
			isa = PBXFrameworksBuildPhase;
			buildActionMask = 2147483647;
			files = (
				6CFBD243192C943000137C9F /* CoreGraphics.framework in Frameworks */,
				6CFBD245192C943000137C9F /* UIKit.framework in Frameworks */,
				6CFBD241192C943000137C9F /* Foundation.framework in Frameworks */,
			);
			runOnlyForDeploymentPostprocessing = 0;
		};
/* End PBXFrameworksBuildPhase section */

/* Begin PBXGroup section */
		6CFBD234192C943000137C9F = {
			isa = PBXGroup;
			children = (
				6CFBD246192C943000137C9F /* Match */,
				6CFBD23F192C943000137C9F /* Frameworks */,
				6CFBD23E192C943000137C9F /* Products */,
			);
			sourceTree = "<group>";
		};
		6CFBD23E192C943000137C9F /* Products */ = {
			isa = PBXGroup;
			children = (
				6CFBD23D192C943000137C9F /* Match.app */,
			);
			name = Products;
			sourceTree = "<group>";
		};
		6CFBD23F192C943000137C9F /* Frameworks */ = {
			isa = PBXGroup;
			children = (
				6CFBD240192C943000137C9F /* Foundation.framework */,
				6CFBD242192C943000137C9F /* CoreGraphics.framework */,
				6CFBD244192C943000137C9F /* UIKit.framework */,
				6CFBD25F192C943000137C9F /* XCTest.framework */,
			);
			name = Frameworks;
			sourceTree = "<group>";
		};
		6CFBD246192C943000137C9F /* Match */ = {
			isa = PBXGroup;
			children = (
				6CFBD24F192C943000137C9F /* AppDelegate.h */,
				6CFBD250192C943000137C9F /* AppDelegate.m */,
				6CFBD252192C943000137C9F /* Main.storyboard */,
				6CFBD255192C943000137C9F /* ViewController.h */,
				6CFBD256192C943000137C9F /* ViewController.m */,
				6CFBD275192C944D00137C9F /* HTGroup.h */,
				6CFBD276192C944D00137C9F /* HTGroup.m */,
				6CFBD278192C94AD00137C9F /* HTTeam.h */,
				6CFBD279192C94AD00137C9F /* HTTeam.m */,
				6CFBD27B192C94C800137C9F /* HTMatch.h */,
				6CFBD27C192C94C800137C9F /* HTMatch.m */,
				6CFBD27E192C962A00137C9F /* HTBigDay.h */,
				6CFBD27F192C962A00137C9F /* HTBigDay.m */,
				6CFE29ED192CC65B0086828E /* HTBigWeek.h */,
				6CFE29EE192CC65B0086828E /* HTBigWeek.m */,
				6CFE29F0192CC69D0086828E /* HTAddMatchDelegate.h */,
				6CFBD258192C943000137C9F /* Images.xcassets */,
				6CFBD247192C943000137C9F /* Supporting Files */,
			);
			path = Match;
			sourceTree = "<group>";
		};
		6CFBD247192C943000137C9F /* Supporting Files */ = {
			isa = PBXGroup;
			children = (
				6CFBD248192C943000137C9F /* Match-Info.plist */,
				6CFBD249192C943000137C9F /* InfoPlist.strings */,
				6CFBD24C192C943000137C9F /* main.m */,
				6CFBD24E192C943000137C9F /* Match-Prefix.pch */,
			);
			name = "Supporting Files";
			sourceTree = "<group>";
		};
/* End PBXGroup section */

/* Begin PBXNativeTarget section */
		6CFBD23C192C943000137C9F /* Match */ = {
			isa = PBXNativeTarget;
			buildConfigurationList = 6CFBD26F192C943000137C9F /* Build configuration list for PBXNativeTarget "Match" */;
			buildPhases = (
				6CFBD239192C943000137C9F /* Sources */,
				6CFBD23A192C943000137C9F /* Frameworks */,
				6CFBD23B192C943000137C9F /* Resources */,
			);
			buildRules = (
			);
			dependencies = (
			);
			name = Match;
			productName = Match;
			productReference = 6CFBD23D192C943000137C9F /* Match.app */;
			productType = "com.apple.product-type.application";
		};
/* End PBXNativeTarget section */

/* Begin PBXProject section */
		6CFBD235192C943000137C9F /* Project object */ = {
			isa = PBXProject;
			attributes = {
				LastUpgradeCheck = 0510;
				ORGANIZATIONNAME = baidu;
			};
			buildConfigurationList = 6CFBD238192C943000137C9F /* Build configuration list for PBXProject "Match" */;
			compatibilityVersion = "Xcode 3.2";
			developmentRegion = English;
			hasScannedForEncodings = 0;
			knownRegions = (
				en,
				Base,
			);
			mainGroup = 6CFBD234192C943000137C9F;
			productRefGroup = 6CFBD23E192C943000137C9F /* Products */;
			projectDirPath = "";
			projectRoot = "";
			targets = (
				6CFBD23C192C943000137C9F /* Match */,
			);
		};
/* End PBXProject section */

/* Begin PBXResourcesBuildPhase section */
		6CFBD23B192C943000137C9F /* Resources */ = {
			isa = PBXResourcesBuildPhase;
			buildActionMask = 2147483647;
			files = (
				6CFBD259192C943000137C9F /* Images.xcassets in Resources */,
				6CFBD24B192C943000137C9F /* InfoPlist.strings in Resources */,
				6CFBD254192C943000137C9F /* Main.storyboard in Resources */,
			);
			runOnlyForDeploymentPostprocessing = 0;
		};
/* End PBXResourcesBuildPhase section */

/* Begin PBXSourcesBuildPhase section */
		6CFBD239192C943000137C9F /* Sources */ = {
			isa = PBXSourcesBuildPhase;
			buildActionMask = 2147483647;
			files = (
				6CFE29EF192CC65B0086828E /* HTBigWeek.m in Sources */,
				6CFBD27A192C94AD00137C9F /* HTTeam.m in Sources */,
				6CFBD257192C943000137C9F /* ViewController.m in Sources */,
				6CFBD280192C962A00137C9F /* HTBigDay.m in Sources */,
				6CFBD277192C944D00137C9F /* HTGroup.m in Sources */,
				6CFBD27D192C94C800137C9F /* HTMatch.m in Sources */,
				6CFBD251192C943000137C9F /* AppDelegate.m in Sources */,
				6CFBD24D192C943000137C9F /* main.m in Sources */,
			);
			runOnlyForDeploymentPostprocessing = 0;
		};
/* End PBXSourcesBuildPhase section */

/* Begin PBXVariantGroup section */
		6CFBD249192C943000137C9F /* InfoPlist.strings */ = {
			isa = PBXVariantGroup;
			children = (
				6CFBD24A192C943000137C9F /* en */,
			);
			name = InfoPlist.strings;
			sourceTree = "<group>";
		};
		6CFBD252192C943000137C9F /* Main.storyboard */ = {
			isa = PBXVariantGroup;
			children = (
				6CFBD253192C943000137C9F /* Base */,
			);
			name = Main.storyboard;
			sourceTree = "<group>";
		};
/* End PBXVariantGroup section */

/* Begin XCBuildConfiguration section */
		6CFBD26D192C943000137C9F /* Debug */ = {
			isa = XCBuildConfiguration;
			buildSettings = {
				ALWAYS_SEARCH_USER_PATHS = NO;
				CLANG_CXX_LANGUAGE_STANDARD = "gnu++0x";
				CLANG_CXX_LIBRARY = "libc++";
				CLANG_ENABLE_MODULES = YES;
				CLANG_ENABLE_OBJC_ARC = YES;
				CLANG_WARN_BOOL_CONVERSION = YES;
				CLANG_WARN_CONSTANT_CONVERSION = YES;
				CLANG_WARN_DIRECT_OBJC_ISA_USAGE = YES_ERROR;
				CLANG_WARN_EMPTY_BODY = YES;
				CLANG_WARN_ENUM_CONVERSION = YES;
				CLANG_WARN_INT_CONVERSION = YES;
				CLANG_WARN_OBJC_ROOT_CLASS = YES_ERROR;
				CLANG_WARN__DUPLICATE_METHOD_MATCH = YES;
				"CODE_SIGN_IDENTITY[sdk=iphoneos*]" = "iPhone Developer";
				COPY_PHASE_STRIP = NO;
				GCC_C_LANGUAGE_STANDARD = gnu99;
				GCC_DYNAMIC_NO_PIC = NO;
				GCC_OPTIMIZATION_LEVEL = 0;
				GCC_PREPROCESSOR_DEFINITIONS = (
					"DEBUG=1",
					"$(inherited)",
				);
				GCC_SYMBOLS_PRIVATE_EXTERN = NO;
				GCC_WARN_64_TO_32_BIT_CONVERSION = YES;
				GCC_WARN_ABOUT_RETURN_TYPE = YES_ERROR;
				GCC_WARN_UNDECLARED_SELECTOR = YES;
				GCC_WARN_UNINITIALIZED_AUTOS = YES_AGGRESSIVE;
				GCC_WARN_UNUSED_FUNCTION = YES;
				GCC_WARN_UNUSED_VARIABLE = YES;
				IPHONEOS_DEPLOYMENT_TARGET = 7.1;
				ONLY_ACTIVE_ARCH = YES;
				SDKROOT = iphoneos;
			};
			name = Debug;
		};
		6CFBD26E192C943000137C9F /* Release */ = {
			isa = XCBuildConfiguration;
			buildSettings = {
				ALWAYS_SEARCH_USER_PATHS = NO;
				CLANG_CXX_LANGUAGE_STANDARD = "gnu++0x";
				CLANG_CXX_LIBRARY = "libc++";
				CLANG_ENABLE_MODULES = YES;
				CLANG_ENABLE_OBJC_ARC = YES;
				CLANG_WARN_BOOL_CONVERSION = YES;
				CLANG_WARN_CONSTANT_CONVERSION = YES;
				CLANG_WARN_DIRECT_OBJC_ISA_USAGE = YES_ERROR;
				CLANG_WARN_EMPTY_BODY = YES;
				CLANG_WARN_ENUM_CONVERSION = YES;
				CLANG_WARN_INT_CONVERSION = YES;
				CLANG_WARN_OBJC_ROOT_CLASS = YES_ERROR;
				CLANG_WARN__DUPLICATE_METHOD_MATCH = YES;
				"CODE_SIGN_IDENTITY[sdk=iphoneos*]" = "iPhone Developer";
				COPY_PHASE_STRIP = YES;
				ENABLE_NS_ASSERTIONS = NO;
				GCC_C_LANGUAGE_STANDARD = gnu99;
				GCC_WARN_64_TO_32_BIT_CONVERSION = YES;
				GCC_WARN_ABOUT_RETURN_TYPE = YES_ERROR;
				GCC_WARN_UNDECLARED_SELECTOR = YES;
				GCC_WARN_UNINITIALIZED_AUTOS = YES_AGGRESSIVE;
				GCC_WARN_UNUSED_FUNCTION = YES;
				GCC_WARN_UNUSED_VARIABLE = YES;
				IPHONEOS_DEPLOYMENT_TARGET = 7.1;
				SDKROOT = iphoneos;
				VALIDATE_PRODUCT = YES;
			};
			name = Release;
		};
		6CFBD270192C943000137C9F /* Debug */ = {
			isa = XCBuildConfiguration;
			buildSettings = {
				ASSETCATALOG_COMPILER_APPICON_NAME = AppIcon;
				ASSETCATALOG_COMPILER_LAUNCHIMAGE_NAME = LaunchImage;
				GCC_PRECOMPILE_PREFIX_HEADER = YES;
				GCC_PREFIX_HEADER = "Match/Match-Prefix.pch";
				INFOPLIST_FILE = "Match/Match-Info.plist";
				PRODUCT_NAME = "$(TARGET_NAME)";
				WRAPPER_EXTENSION = app;
			};
			name = Debug;
		};
		6CFBD271192C943000137C9F /* Release */ = {
			isa = XCBuildConfiguration;
			buildSettings = {
				ASSETCATALOG_COMPILER_APPICON_NAME = AppIcon;
				ASSETCATALOG_COMPILER_LAUNCHIMAGE_NAME = LaunchImage;
				GCC_PRECOMPILE_PREFIX_HEADER = YES;
				GCC_PREFIX_HEADER = "Match/Match-Prefix.pch";
				INFOPLIST_FILE = "Match/Match-Info.plist";
				PRODUCT_NAME = "$(TARGET_NAME)";
				WRAPPER_EXTENSION = app;
			};
			name = Release;
		};
/* End XCBuildConfiguration section */

/* Begin XCConfigurationList section */
		6CFBD238192C943000137C9F /* Build configuration list for PBXProject "Match" */ = {
			isa = XCConfigurationList;
			buildConfigurations = (
				6CFBD26D192C943000137C9F /* Debug */,
				6CFBD26E192C943000137C9F /* Release */,
			);
			defaultConfigurationIsVisible = 0;
			defaultConfigurationName = Release;
		};
		6CFBD26F192C943000137C9F /* Build configuration list for PBXNativeTarget "Match" */ = {
			isa = XCConfigurationList;
			buildConfigurations = (
				6CFBD270192C943000137C9F /* Debug */,
				6CFBD271192C943000137C9F /* Release */,
			);
			defaultConfigurationIsVisible = 0;
			defaultConfigurationName = Release;
		};
/* End XCConfigurationList section */
	};
	rootObject = 6CFBD235192C943000137C9F /* Project object */;
}
